
Microsoft Visual Studio Solution File, Format Version 12.00
# Visual Studio 2012
Project("{FAE04EC0-301F-11D3-BF4B-00C04F79EFBC}") = "Parcheesi", "Parcheesi\Parcheesi.csproj", "{BF7D7D26-CB97-400A-AEE6-AA2B0A37E76F}"
EndProject
Global
	GlobalSection(SolutionConfigurationPlatforms) = preSolution
		Debug|Any CPU = Debug|Any CPU
		Release|Any CPU = Release|Any CPU
	EndGlobalSection
	GlobalSection(ProjectConfigurationPlatforms) = postSolution
		{BF7D7D26-CB97-400A-AEE6-AA2B0A37E76F}.Debug|Any CPU.ActiveCfg = Debug|Any CPU
		{BF7D7D26-CB97-400A-AEE6-AA2B0A37E76F}.Debug|Any CPU.Build.0 = Debug|Any CPU
		{BF7D7D26-CB97-400A-AEE6-AA2B0A37E76F}.Release|Any CPU.ActiveCfg = Release|Any CPU
		{BF7D7D26-CB97-400A-AEE6-AA2B0A37E76F}.Release|Any CPU.Build.0 = Release|Any CPU
	EndGlobalSection
	GlobalSection(SolutionProperties) = preSolution
		HideSolutionNode = FALSE
	EndGlobalSection
EndGlobal
